{
  "name": "glitch-Immersive-Classroom",
  "version": "0.1.0",
  "lockfileVersion": 1,
  "requires": true,
  "dependencies": {
    "@11ty/eleventy": {
      "version": "1.0.0",
      "dev": true,
      "requires": {
        "@11ty/dependency-tree": "^2.0.0",
        "@iarna/toml": "^2.2.5",
        "@sindresorhus/slugify": "^1.1.2",
        "browser-sync": "^2.27.7",
        "chokidar": "^3.5.2",
        "debug": "^4.3.3",
        "dependency-graph": "^0.11.0",
        "ejs": "^3.1.6",
        "fast-glob": "^3.2.9",
        "graceful-fs": "^4.2.9",
        "gray-matter": "^4.0.3",
        "hamljs": "^0.6.2",
        "handlebars": "^4.7.7",
        "is-glob": "^4.0.3",
        "kleur": "^4.1.4 ",
        "liquidjs": "^9.32.0",
        "lodash": "^4.17.21",
        "luxon": "^2.3.0",
        "markdown-it": "^12.3.2",
        "minimist": "^1.2.5",
        "moo": "^0.5.1",
        "multimatch": "^5.0.0",
        "mustache": "^4.2.0",
        "normalize-path": "^3.0.0",
        "nunjucks": "^3.2.3",
        "path-to-regexp": "^6.2.0",
        "please-upgrade-node": "^3.2.0",
        "pretty": "^2.0.0",
        "pug": "^3.0.2",
        "recursive-copy": "^2.0.13",
        "semver": "^7.3.5",
        "slugify": "^1.6.5"
      }
    },
    "eleventy-plugin-seo": {
      "version": "0.5.2",
      "requires": {
        "html-entities": "^1.2.1",
        "lodash": "^4.17.19"
      }
    },
    "get-youtube-id": {
      "version": "1.0.1"
    },
    "luxon": {
      "version": "2.3.0"
    }
  }
}
